# This file is automatically @generated by Poetry 1.7.1 and should not be changed by hand.

[[package]]
name = "aiokafka"
version = "0.11.0"
description = "Kafka integration with asyncio"
optional = false
python-versions = ">=3.8"
files = [
    {file = "aiokafka-0.11.0-cp310-cp310-macosx_11_0_arm64.whl", hash = "sha256:926f93fb6a39891fd4364494432b479c0602f9cac708778d4a262a2c2e20d3b4"},
    {file = "aiokafka-0.11.0-cp310-cp310-manylinux_2_17_aarch64.manylinux2014_aarch64.whl", hash = "sha256:38e1917e706c1158d5e1f612d1fc1b40f706dc46c534e73ab4de8ae2868a31be"},
    {file = "aiokafka-0.11.0-cp310-cp310-manylinux_2_17_x86_64.manylinux2014_x86_64.whl", hash = "sha256:516e1d68d9a377860b2e17453580afe304605bc71894f684d3e7b6618f6f939f"},
    {file = "aiokafka-0.11.0-cp310-cp310-manylinux_2_5_i686.manylinux1_i686.manylinux_2_17_i686.manylinux2014_i686.whl", hash = "sha256:acfd0a5d0aec762ba73eeab73b23edce14f315793f063b6a4b223b6f79e36bb8"},
    {file = "aiokafka-0.11.0-cp310-cp310-win32.whl", hash = "sha256:0d80590c4ef0ba546a299cee22ea27c3360c14241ec43a8e6904653f7b22d328"},
    {file = "aiokafka-0.11.0-cp310-cp310-win_amd64.whl", hash = "sha256:1d519bf9875ac867fb19d55de3750833b1eb6379a08de29a68618e24e6a49fc0"},
    {file = "aiokafka-0.11.0-cp311-cp311-macosx_11_0_arm64.whl", hash = "sha256:0e957b42ae959365efbb45c9b5de38032c573608553c3670ad8695cc210abec9"},
    {file = "aiokafka-0.11.0-cp311-cp311-manylinux_2_17_aarch64.manylinux2014_aarch64.whl", hash = "sha256:224db2447f6c1024198d8342e7099198f90401e2fa29c0762afbc51eadf5c490"},
    {file = "aiokafka-0.11.0-cp311-cp311-manylinux_2_17_x86_64.manylinux2014_x86_64.whl", hash = "sha256:6ef3e7c8a923e502caa4d24041f2be778fd7f9ee4587bf0bcb4f74cac05122fa"},
    {file = "aiokafka-0.11.0-cp311-cp311-manylinux_2_5_i686.manylinux1_i686.manylinux_2_17_i686.manylinux2014_i686.whl", hash = "sha256:59f4b935589ebb244620afad8bf3320e3bc86879a8b1c692ad06bd324f6c6127"},
    {file = "aiokafka-0.11.0-cp311-cp311-win32.whl", hash = "sha256:560839ae6bc13e71025d71e94df36980f5c6e36a64916439e598b6457267a37f"},
    {file = "aiokafka-0.11.0-cp311-cp311-win_amd64.whl", hash = "sha256:1f8ae91f0373830e4664376157fe61b611ca7e573d8a559b151aef5bf53df46c"},
    {file = "aiokafka-0.11.0-cp312-cp312-macosx_11_0_arm64.whl", hash = "sha256:4e0cc080a7f4c659ee4e1baa1c32adedcccb105a52156d4909f357d76fac0dc1"},
    {file = "aiokafka-0.11.0-cp312-cp312-manylinux_2_17_aarch64.manylinux2014_aarch64.whl", hash = "sha256:55a07a39d82c595223a17015ea738d152544cee979d3d6d822707a082465621c"},
    {file = "aiokafka-0.11.0-cp312-cp312-manylinux_2_17_x86_64.manylinux2014_x86_64.whl", hash = "sha256:3711fa64ee8640dcd4cb640f1030f9439d02e85acd57010d09053017092d8cc2"},
    {file = "aiokafka-0.11.0-cp312-cp312-manylinux_2_5_i686.manylinux1_i686.manylinux_2_17_i686.manylinux2014_i686.whl", hash = "sha256:818a6f8e44b02113b9e795bee6029c8a4e525ab38f29d7adb0201f3fec74c808"},
    {file = "aiokafka-0.11.0-cp312-cp312-win32.whl", hash = "sha256:8ba981956243767b37c929845c398fda2a2e35a4034d218badbe2b62e6f98f96"},
    {file = "aiokafka-0.11.0-cp312-cp312-win_amd64.whl", hash = "sha256:9a478a14fd23fd1ffe9c7a21238d818b5f5e0626f7f06146b687f3699298391b"},
    {file = "aiokafka-0.11.0-cp38-cp38-macosx_11_0_arm64.whl", hash = "sha256:0973a245b8b9daf8ef6814253a80a700f1f54d2da7d88f6fe479f46e0fd83053"},
    {file = "aiokafka-0.11.0-cp38-cp38-manylinux_2_17_aarch64.manylinux2014_aarch64.whl", hash = "sha256:ee0c61a2dcabbe4474ff237d708f9bd663dd2317e03a9cb7239a212c9ee05b12"},
    {file = "aiokafka-0.11.0-cp38-cp38-manylinux_2_17_x86_64.manylinux2014_x86_64.whl", hash = "sha256:230170ce2e8a0eb852e2e8b78b08ce2e29b77dfe2c51bd56f5ab4be0f332a63b"},
    {file = "aiokafka-0.11.0-cp38-cp38-manylinux_2_5_i686.manylinux1_i686.manylinux_2_17_i686.manylinux2014_i686.whl", hash = "sha256:eac78a009b713e28b5b4c4daae9d062acbf2b7980e5734467643a810134583b5"},
    {file = "aiokafka-0.11.0-cp38-cp38-win32.whl", hash = "sha256:73584be8ba7906e3f33ca0f08f6af21a9ae31b86c6b635b93db3b1e6f452657b"},
    {file = "aiokafka-0.11.0-cp38-cp38-win_amd64.whl", hash = "sha256:d724b6fc484e453b373052813e4e543fc028a22c3fbda10e13b6829740000b8a"},
    {file = "aiokafka-0.11.0-cp39-cp39-macosx_11_0_arm64.whl", hash = "sha256:419dd28c8ed6e926061bdc60929af08a6b52f1721e1179d9d21cc72ae28fd6f6"},
    {file = "aiokafka-0.11.0-cp39-cp39-manylinux_2_17_aarch64.manylinux2014_aarch64.whl", hash = "sha256:f1c85f66eb3564c5e74d8e4c25df4ac1fd94f1a6f6e66f005aafa6f791bde215"},
    {file = "aiokafka-0.11.0-cp39-cp39-manylinux_2_17_x86_64.manylinux2014_x86_64.whl", hash = "sha256:eaafe134de57b184f3c030e1a11051590caff7953c8bf58048eefd8d828e39d7"},
    {file = "aiokafka-0.11.0-cp39-cp39-manylinux_2_5_i686.manylinux1_i686.manylinux_2_17_i686.manylinux2014_i686.whl", hash = "sha256:807f699cf916369b1a512e4f2eaec714398c202d8803328ef8711967d99a56ce"},
    {file = "aiokafka-0.11.0-cp39-cp39-win32.whl", hash = "sha256:d59fc7aec088c9ffc02d37e61591f053459bd11912cf04c70ac4f7e60405667d"},
    {file = "aiokafka-0.11.0-cp39-cp39-win_amd64.whl", hash = "sha256:702aec15b63bad5e4476294bcb1cb177559149fce3e59335794f004c279cbd6a"},
    {file = "aiokafka-0.11.0.tar.gz", hash = "sha256:f2def07fe1720c4fe37c0309e355afa9ff4a28e0aabfe847be0692461ac69352"},
]

[package.dependencies]
async-timeout = "*"
packaging = "*"
typing-extensions = ">=4.10.0"

[package.extras]
all = ["cramjam (>=2.8.0)", "gssapi"]
gssapi = ["gssapi"]
lz4 = ["cramjam (>=2.8.0)"]
snappy = ["cramjam"]
zstd = ["cramjam"]

[[package]]
name = "async-timeout"
version = "4.0.3"
description = "Timeout context manager for asyncio programs"
optional = false
python-versions = ">=3.7"
files = [
    {file = "async-timeout-4.0.3.tar.gz", hash = "sha256:4640d96be84d82d02ed59ea2b7105a0f7b33abe8703703cd0ab0bf87c427522f"},
    {file = "async_timeout-4.0.3-py3-none-any.whl", hash = "sha256:7405140ff1230c310e51dc27b3145b9092d659ce68ff733fb0cefe3ee42be028"},
]

[[package]]
name = "certifi"
version = "2024.8.30"
description = "Python package for providing Mozilla's CA Bundle."
optional = false
python-versions = ">=3.6"
files = [
    {file = "certifi-2024.8.30-py3-none-any.whl", hash = "sha256:922820b53db7a7257ffbda3f597266d435245903d80737e34f8a45ff3e3230d8"},
    {file = "certifi-2024.8.30.tar.gz", hash = "sha256:bec941d2aa8195e248a60b31ff9f0558284cf01a52591ceda73ea9afffd69fd9"},
]

[[package]]
name = "influxdb-client"
version = "1.46.0"
description = "InfluxDB 2.0 Python client library"
optional = false
python-versions = ">=3.7"
files = [
    {file = "influxdb_client-1.46.0-py3-none-any.whl", hash = "sha256:0b860672952de0a676c214bfe799c4f0945e76dc3ba4303b2731af8feffadc48"},
    {file = "influxdb_client-1.46.0.tar.gz", hash = "sha256:d5b5f3787db8ad75e64bf069fdc4d441e43b1a1d57f2c11082af309ef0b9722c"},
]

[package.dependencies]
certifi = ">=14.05.14"
python-dateutil = ">=2.5.3"
reactivex = ">=4.0.4"
setuptools = ">=21.0.0"
urllib3 = ">=1.26.0"

[package.extras]
async = ["aiocsv (>=1.2.2)", "aiohttp (>=3.8.1)"]
ciso = ["ciso8601 (>=2.1.1)"]
extra = ["numpy", "pandas (>=1.0.0)"]
test = ["aioresponses (>=0.7.3)", "coverage (>=4.0.3)", "flake8 (>=5.0.3)", "httpretty (==1.0.5)", "jinja2 (>=3.1.4)", "nose (>=1.3.7)", "pluggy (>=0.3.1)", "psutil (>=5.6.3)", "py (>=1.4.31)", "pytest (>=5.0.0)", "pytest-cov (>=3.0.0)", "pytest-timeout (>=2.1.0)", "randomize (>=0.13)", "sphinx (==1.8.5)", "sphinx-rtd-theme"]

[[package]]
name = "packaging"
version = "24.1"
description = "Core utilities for Python packages"
optional = false
python-versions = ">=3.8"
files = [
    {file = "packaging-24.1-py3-none-any.whl", hash = "sha256:5b8f2217dbdbd2f7f384c41c628544e6d52f2d0f53c6d0c3ea61aa5d1d7ff124"},
    {file = "packaging-24.1.tar.gz", hash = "sha256:026ed72c8ed3fcce5bf8950572258698927fd1dbda10a5e981cdf0ac37f4f002"},
]

[[package]]
name = "python-dateutil"
version = "2.9.0.post0"
description = "Extensions to the standard Python datetime module"
optional = false
python-versions = "!=3.0.*,!=3.1.*,!=3.2.*,>=2.7"
files = [
    {file = "python-dateutil-2.9.0.post0.tar.gz", hash = "sha256:37dd54208da7e1cd875388217d5e00ebd4179249f90fb72437e91a35459a0ad3"},
    {file = "python_dateutil-2.9.0.post0-py2.py3-none-any.whl", hash = "sha256:a8b2bc7bffae282281c8140a97d3aa9c14da0b136dfe83f850eea9a5f7470427"},
]

[package.dependencies]
six = ">=1.5"

[[package]]
name = "reactivex"
version = "4.0.4"
description = "ReactiveX (Rx) for Python"
optional = false
python-versions = ">=3.7,<4.0"
files = [
    {file = "reactivex-4.0.4-py3-none-any.whl", hash = "sha256:0004796c420bd9e68aad8e65627d85a8e13f293de76656165dffbcb3a0e3fb6a"},
    {file = "reactivex-4.0.4.tar.gz", hash = "sha256:e912e6591022ab9176df8348a653fe8c8fa7a301f26f9931c9d8c78a650e04e8"},
]

[package.dependencies]
typing-extensions = ">=4.1.1,<5.0.0"

[[package]]
name = "setuptools"
version = "75.2.0"
description = "Easily download, build, install, upgrade, and uninstall Python packages"
optional = false
python-versions = ">=3.8"
files = [
    {file = "setuptools-75.2.0-py3-none-any.whl", hash = "sha256:a7fcb66f68b4d9e8e66b42f9876150a3371558f98fa32222ffaa5bced76406f8"},
    {file = "setuptools-75.2.0.tar.gz", hash = "sha256:753bb6ebf1f465a1912e19ed1d41f403a79173a9acf66a42e7e6aec45c3c16ec"},
]

[package.extras]
check = ["pytest-checkdocs (>=2.4)", "pytest-ruff (>=0.2.1)", "ruff (>=0.5.2)"]
core = ["importlib-metadata (>=6)", "importlib-resources (>=5.10.2)", "jaraco.collections", "jaraco.functools", "jaraco.text (>=3.7)", "more-itertools", "more-itertools (>=8.8)", "packaging", "packaging (>=24)", "platformdirs (>=2.6.2)", "tomli (>=2.0.1)", "wheel (>=0.43.0)"]
cover = ["pytest-cov"]
doc = ["furo", "jaraco.packaging (>=9.3)", "jaraco.tidelift (>=1.4)", "pygments-github-lexers (==0.0.5)", "pyproject-hooks (!=1.1)", "rst.linker (>=1.9)", "sphinx (>=3.5)", "sphinx-favicon", "sphinx-inline-tabs", "sphinx-lint", "sphinx-notfound-page (>=1,<2)", "sphinx-reredirects", "sphinxcontrib-towncrier", "towncrier (<24.7)"]
enabler = ["pytest-enabler (>=2.2)"]
test = ["build[virtualenv] (>=1.0.3)", "filelock (>=3.4.0)", "ini2toml[lite] (>=0.14)", "jaraco.develop (>=7.21)", "jaraco.envs (>=2.2)", "jaraco.path (>=3.2.0)", "jaraco.test", "packaging (>=23.2)", "pip (>=19.1)", "pyproject-hooks (!=1.1)", "pytest (>=6,!=8.1.*)", "pytest-home (>=0.5)", "pytest-perf", "pytest-subprocess", "pytest-timeout", "pytest-xdist (>=3)", "tomli-w (>=1.0.0)", "virtualenv (>=13.0.0)", "wheel (>=0.44.0)"]
type = ["importlib-metadata (>=7.0.2)", "jaraco.develop (>=7.21)", "mypy (==1.11.*)", "pytest-mypy"]

[[package]]
name = "six"
version = "1.16.0"
description = "Python 2 and 3 compatibility utilities"
optional = false
python-versions = ">=2.7, !=3.0.*, !=3.1.*, !=3.2.*"
files = [
    {file = "six-1.16.0-py2.py3-none-any.whl", hash = "sha256:8abb2f1d86890a2dfb989f9a77cfcfd3e47c2a354b01111771326f8aa26e0254"},
    {file = "six-1.16.0.tar.gz", hash = "sha256:1e61c37477a1626458e36f7b1d82aa5c9b094fa4802892072e49de9c60c4c926"},
]

[[package]]
name = "typing-extensions"
version = "4.12.2"
description = "Backported and Experimental Type Hints for Python 3.8+"
optional = false
python-versions = ">=3.8"
files = [
    {file = "typing_extensions-4.12.2-py3-none-any.whl", hash = "sha256:04e5ca0351e0f3f85c6853954072df659d0d13fac324d0072316b67d7794700d"},
    {file = "typing_extensions-4.12.2.tar.gz", hash = "sha256:1a7ead55c7e559dd4dee8856e3a88b41225abfe1ce8df57b7c13915fe121ffb8"},
]

[[package]]
name = "urllib3"
version = "2.2.3"
description = "HTTP library with thread-safe connection pooling, file post, and more."
optional = false
python-versions = ">=3.8"
files = [
    {file = "urllib3-2.2.3-py3-none-any.whl", hash = "sha256:ca899ca043dcb1bafa3e262d73aa25c465bfb49e0bd9dd5d59f1d0acba2f8fac"},
    {file = "urllib3-2.2.3.tar.gz", hash = "sha256:e7d814a81dad81e6caf2ec9fdedb284ecc9c73076b62654547cc64ccdcae26e9"},
]

[package.extras]
brotli = ["brotli (>=1.0.9)", "brotlicffi (>=0.8.0)"]
h2 = ["h2 (>=4,<5)"]
socks = ["pysocks (>=1.5.6,!=1.5.7,<2.0)"]
zstd = ["zstandard (>=0.18.0)"]

[metadata]
lock-version = "2.0"
python-versions = "^3.9"
content-hash = "02f274479eb1a80735299d10c31a166f2f5f3e6741f646e7dc548c3a9c27bd94"
